// !$*UTF8*$!
{
	archiveVersion = 1;
	classes = {
	};
	objectVersion = 46;
	objects = {

/* Begin PBXBuildFile section */
		F09E861C1CEF4E710039AB98 /* AppDelegate.swift in Sources */ = {isa = PBXBuildFile; fileRef = F09E861B1CEF4E710039AB98 /* AppDelegate.swift */; };
		F09E861E1CEF4E710039AB98 /* ViewController.swift in Sources */ = {isa = PBXBuildFile; fileRef = F09E861D1CEF4E710039AB98 /* ViewController.swift */; };
		F09E86211CEF4E710039AB98 /* Main.storyboard in Resources */ = {isa = PBXBuildFile; fileRef = F09E861F1CEF4E710039AB98 /* Main.storyboard */; };
		F09E86241CEF4E710039AB98 /* Wishlist.xcdatamodeld in Sources */ = {isa = PBXBuildFile; fileRef = F09E86221CEF4E710039AB98 /* Wishlist.xcdatamodeld */; };
		F09E86261CEF4E710039AB98 /* Assets.xcassets in Resources */ = {isa = PBXBuildFile; fileRef = F09E86251CEF4E710039AB98 /* Assets.xcassets */; };
		F09E86291CEF4E710039AB98 /* LaunchScreen.storyboard in Resources */ = {isa = PBXBuildFile; fileRef = F09E86271CEF4E710039AB98 /* LaunchScreen.storyboard */; };
		F09E86321CEF53DA0039AB98 /* Product+CoreDataProperties.swift in Sources */ = {isa = PBXBuildFile; fileRef = F09E86301CEF53DA0039AB98 /* Product+CoreDataProperties.swift */; };
		F09E86331CEF53DA0039AB98 /* Product.swift in Sources */ = {isa = PBXBuildFile; fileRef = F09E86311CEF53DA0039AB98 /* Product.swift */; };
/* End PBXBuildFile section */

/* Begin PBXFileReference section */
		F09E86181CEF4E700039AB98 /* Wishlist.app */ = {isa = PBXFileReference; explicitFileType = wrapper.application; includeInIndex = 0; path = Wishlist.app; sourceTree = BUILT_PRODUCTS_DIR; };
		F09E861B1CEF4E710039AB98 /* AppDelegate.swift */ = {isa = PBXFileReference; lastKnownFileType = sourcecode.swift; path = AppDelegate.swift; sourceTree = "<group>"; };
		F09E861D1CEF4E710039AB98 /* ViewController.swift */ = {isa = PBXFileReference; lastKnownFileType = sourcecode.swift; path = ViewController.swift; sourceTree = "<group>"; };
		F09E86201CEF4E710039AB98 /* Base */ = {isa = PBXFileReference; lastKnownFileType = file.storyboard; name = Base; path = Base.lproj/Main.storyboard; sourceTree = "<group>"; };
		F09E86231CEF4E710039AB98 /* Wishlist.xcdatamodel */ = {isa = PBXFileReference; lastKnownFileType = wrapper.xcdatamodel; path = Wishlist.xcdatamodel; sourceTree = "<group>"; };
		F09E86251CEF4E710039AB98 /* Assets.xcassets */ = {isa = PBXFileReference; lastKnownFileType = folder.assetcatalog; path = Assets.xcassets; sourceTree = "<group>"; };
		F09E86281CEF4E710039AB98 /* Base */ = {isa = PBXFileReference; lastKnownFileType = file.storyboard; name = Base; path = Base.lproj/LaunchScreen.storyboard; sourceTree = "<group>"; };
		F09E862A1CEF4E710039AB98 /* Info.plist */ = {isa = PBXFileReference; lastKnownFileType = text.plist.xml; path = Info.plist; sourceTree = "<group>"; };
		F09E86301CEF53DA0039AB98 /* Product+CoreDataProperties.swift */ = {isa = PBXFileReference; fileEncoding = 4; lastKnownFileType = sourcecode.swift; name = "Product+CoreDataProperties.swift"; path = "../Product+CoreDataProperties.swift"; sourceTree = "<group>"; };
		F09E86311CEF53DA0039AB98 /* Product.swift */ = {isa = PBXFileReference; fileEncoding = 4; lastKnownFileType = sourcecode.swift; name = Product.swift; path = ../Product.swift; sourceTree = "<group>"; };
/* End PBXFileReference section */

/* Begin PBXFrameworksBuildPhase section */
		F09E86151CEF4E700039AB98 /* Frameworks */ = {
			isa = PBXFrameworksBuildPhase;
			buildActionMask = 2147483647;
			files = (
			);
			runOnlyForDeploymentPostprocessing = 0;
		};
/* End PBXFrameworksBuildPhase section */

/* Begin PBXGroup section */
		F09E860F1CEF4E700039AB98 = {
			isa = PBXGroup;
			children = (
				F09E861A1CEF4E710039AB98 /* Wishlist */,
				F09E86191CEF4E700039AB98 /* Products */,
			);
			sourceTree = "<group>";
		};
		F09E86191CEF4E700039AB98 /* Products */ = {
			isa = PBXGroup;
			children = (
				F09E86181CEF4E700039AB98 /* Wishlist.app */,
			);
			name = Products;
			sourceTree = "<group>";
		};
		F09E861A1CEF4E710039AB98 /* Wishlist */ = {
			isa = PBXGroup;
			children = (
				F09E861B1CEF4E710039AB98 /* AppDelegate.swift */,
				F09E861D1CEF4E710039AB98 /* ViewController.swift */,
				F09E861F1CEF4E710039AB98 /* Main.storyboard */,
				F09E86251CEF4E710039AB98 /* Assets.xcassets */,
				F09E86271CEF4E710039AB98 /* LaunchScreen.storyboard */,
				F09E862A1CEF4E710039AB98 /* Info.plist */,
				F09E86221CEF4E710039AB98 /* Wishlist.xcdatamodeld */,
				F09E86301CEF53DA0039AB98 /* Product+CoreDataProperties.swift */,
				F09E86311CEF53DA0039AB98 /* Product.swift */,
			);
			path = Wishlist;
			sourceTree = "<group>";
		};
/* End PBXGroup section */

/* Begin PBXNativeTarget section */
		F09E86171CEF4E700039AB98 /* Wishlist */ = {
			isa = PBXNativeTarget;
			buildConfigurationList = F09E862D1CEF4E710039AB98 /* Build configuration list for PBXNativeTarget "Wishlist" */;
			buildPhases = (
				F09E86141CEF4E700039AB98 /* Sources */,
				F09E86151CEF4E700039AB98 /* Frameworks */,
				F09E86161CEF4E700039AB98 /* Resources */,
			);
			buildRules = (
			);
			dependencies = (
			);
			name = Wishlist;
			productName = Wishlist;
			productReference = F09E86181CEF4E700039AB98 /* Wishlist.app */;
			productType = "com.apple.product-type.application";
		};
/* End PBXNativeTarget section */

/* Begin PBXProject section */
		F09E86101CEF4E700039AB98 /* Project object */ = {
			isa = PBXProject;
			attributes = {
				LastSwiftUpdateCheck = 0730;
				LastUpgradeCheck = 0730;
				ORGANIZATIONNAME = "D3 - Creative Agency";
				TargetAttributes = {
					F09E86171CEF4E700039AB98 = {
						CreatedOnToolsVersion = 7.3.1;
					};
				};
			};
			buildConfigurationList = F09E86131CEF4E700039AB98 /* Build configuration list for PBXProject "Wishlist" */;
			compatibilityVersion = "Xcode 3.2";
			developmentRegion = English;
			hasScannedForEncodings = 0;
			knownRegions = (
				en,
				Base,
			);
			mainGroup = F09E860F1CEF4E700039AB98;
			productRefGroup = F09E86191CEF4E700039AB98 /* Products */;
			projectDirPath = "";
			projectRoot = "";
			targets = (
				F09E86171CEF4E700039AB98 /* Wishlist */,
			);
		};
/* End PBXProject section */

/* Begin PBXResourcesBuildPhase section */
		F09E86161CEF4E700039AB98 /* Resources */ = {
			isa = PBXResourcesBuildPhase;
			buildActionMask = 2147483647;
			files = (
				F09E86291CEF4E710039AB98 /* LaunchScreen.storyboard in Resources */,
				F09E86261CEF4E710039AB98 /* Assets.xcassets in Resources */,
				F09E86211CEF4E710039AB98 /* Main.storyboard in Resources */,
			);
			runOnlyForDeploymentPostprocessing = 0;
		};
/* End PBXResourcesBuildPhase section */

/* Begin PBXSourcesBuildPhase section */
		F09E86141CEF4E700039AB98 /* Sources */ = {
			isa = PBXSourcesBuildPhase;
			buildActionMask = 2147483647;
			files = (
				F09E86241CEF4E710039AB98 /* Wishlist.xcdatamodeld in Sources */,
				F09E861E1CEF4E710039AB98 /* ViewController.swift in Sources */,
				F09E86331CEF53DA0039AB98 /* Product.swift in Sources */,
				F09E86321CEF53DA0039AB98 /* Product+CoreDataProperties.swift in Sources */,
				F09E861C1CEF4E710039AB98 /* AppDelegate.swift in Sources */,
			);
			runOnlyForDeploymentPostprocessing = 0;
		};
/* End PBXSourcesBuildPhase section */

/* Begin PBXVariantGroup section */
		F09E861F1CEF4E710039AB98 /* Main.storyboard */ = {
			isa = PBXVariantGroup;
			children = (
				F09E86201CEF4E710039AB98 /* Base */,
			);
			name = Main.storyboard;
			sourceTree = "<group>";
		};
		F09E86271CEF4E710039AB98 /* LaunchScreen.storyboard */ = {
			isa = PBXVariantGroup;
			children = (
				F09E86281CEF4E710039AB98 /* Base */,
			);
			name = LaunchScreen.storyboard;
			sourceTree = "<group>";
		};
/* End PBXVariantGroup section */

/* Begin XCBuildConfiguration section */
		F09E862B1CEF4E710039AB98 /* Debug */ = {
			isa = XCBuildConfiguration;
			buildSettings = {
				ALWAYS_SEARCH_USER_PATHS = NO;
				CLANG_ANALYZER_NONNULL = YES;
				CLANG_CXX_LANGUAGE_STANDARD = "gnu++0x";
				CLANG_CXX_LIBRARY = "libc++";
				CLANG_ENABLE_MODULES = YES;
				CLANG_ENABLE_OBJC_ARC = YES;
				CLANG_WARN_BOOL_CONVERSION = YES;
				CLANG_WARN_CONSTANT_CONVERSION = YES;
				CLANG_WARN_DIRECT_OBJC_ISA_USAGE = YES_ERROR;
				CLANG_WARN_EMPTY_BODY = YES;
				CLANG_WARN_ENUM_CONVERSION = YES;
				CLANG_WARN_INT_CONVERSION = YES;
				CLANG_WARN_OBJC_ROOT_CLASS = YES_ERROR;
				CLANG_WARN_UNREACHABLE_CODE = YES;
				CLANG_WARN__DUPLICATE_METHOD_MATCH = YES;
				"CODE_SIGN_IDENTITY[sdk=iphoneos*]" = "iPhone Developer";
				COPY_PHASE_STRIP = NO;
				DEBUG_INFORMATION_FORMAT = dwarf;
				ENABLE_STRICT_OBJC_MSGSEND = YES;
				ENABLE_TESTABILITY = YES;
				GCC_C_LANGUAGE_STANDARD = gnu99;
				GCC_DYNAMIC_NO_PIC = NO;
				GCC_NO_COMMON_BLOCKS = YES;
				GCC_OPTIMIZATION_LEVEL = 0;
				GCC_PREPROCESSOR_DEFINITIONS = (
					"DEBUG=1",
					"$(inherited)",
				);
				GCC_WARN_64_TO_32_BIT_CONVERSION = YES;
				GCC_WARN_ABOUT_RETURN_TYPE = YES_ERROR;
				GCC_WARN_UNDECLARED_SELECTOR = YES;
				GCC_WARN_UNINITIALIZED_AUTOS = YES_AGGRESSIVE;
				GCC_WARN_UNUSED_FUNCTION = YES;
				GCC_WARN_UNUSED_VARIABLE = YES;
				IPHONEOS_DEPLOYMENT_TARGET = 9.3;
				MTL_ENABLE_DEBUG_INFO = YES;
				ONLY_ACTIVE_ARCH = YES;
				SDKROOT = iphoneos;
				SWIFT_OPTIMIZATION_LEVEL = "-Onone";
				TARGETED_DEVICE_FAMILY = "1,2";
			};
			name = Debug;
		};
		F09E862C1CEF4E710039AB98 /* Release */ = {
			isa = XCBuildConfiguration;
			buildSettings = {
				ALWAYS_SEARCH_USER_PATHS = NO;
				CLANG_ANALYZER_NONNULL = YES;
				CLANG_CXX_LANGUAGE_STANDARD = "gnu++0x";
				CLANG_CXX_LIBRARY = "libc++";
				CLANG_ENABLE_MODULES = YES;
				CLANG_ENABLE_OBJC_ARC = YES;
				CLANG_WARN_BOOL_CONVERSION = YES;
				CLANG_WARN_CONSTANT_CONVERSION = YES;
				CLANG_WARN_DIRECT_OBJC_ISA_USAGE = YES_ERROR;
				CLANG_WARN_EMPTY_BODY = YES;
				CLANG_WARN_ENUM_CONVERSION = YES;
				CLANG_WARN_INT_CONVERSION = YES;
				CLANG_WARN_OBJC_ROOT_CLASS = YES_ERROR;
				CLANG_WARN_UNREACHABLE_CODE = YES;
				CLANG_WARN__DUPLICATE_METHOD_MATCH = YES;
				"CODE_SIGN_IDENTITY[sdk=iphoneos*]" = "iPhone Developer";
				COPY_PHASE_STRIP = NO;
				DEBUG_INFORMATION_FORMAT = "dwarf-with-dsym";
				ENABLE_NS_ASSERTIONS = NO;
				ENABLE_STRICT_OBJC_MSGSEND = YES;
				GCC_C_LANGUAGE_STANDARD = gnu99;
				GCC_NO_COMMON_BLOCKS = YES;
				GCC_WARN_64_TO_32_BIT_CONVERSION = YES;
				GCC_WARN_ABOUT_RETURN_TYPE = YES_ERROR;
				GCC_WARN_UNDECLARED_SELECTOR = YES;
				GCC_WARN_UNINITIALIZED_AUTOS = YES_AGGRESSIVE;
				GCC_WARN_UNUSED_FUNCTION = YES;
				GCC_WARN_UNUSED_VARIABLE = YES;
				IPHONEOS_DEPLOYMENT_TARGET = 9.3;
				MTL_ENABLE_DEBUG_INFO = NO;
				SDKROOT = iphoneos;
				TARGETED_DEVICE_FAMILY = "1,2";
				VALIDATE_PRODUCT = YES;
			};
			name = Release;
		};
		F09E862E1CEF4E710039AB98 /* Debug */ = {
			isa = XCBuildConfiguration;
			buildSettings = {
				ASSETCATALOG_COMPILER_APPICON_NAME = AppIcon;
				INFOPLIST_FILE = Wishlist/Info.plist;
				LD_RUNPATH_SEARCH_PATHS = "$(inherited) @executable_path/Frameworks";
				PRODUCT_BUNDLE_IDENTIFIER = com.xvilo.Wishlist;
				PRODUCT_NAME = "$(TARGET_NAME)";
			};
			name = Debug;
		};
		F09E862F1CEF4E710039AB98 /* Release */ = {
			isa = XCBuildConfiguration;
			buildSettings = {
				ASSETCATALOG_COMPILER_APPICON_NAME = AppIcon;
				INFOPLIST_FILE = Wishlist/Info.plist;
				LD_RUNPATH_SEARCH_PATHS = "$(inherited) @executable_path/Frameworks";
				PRODUCT_BUNDLE_IDENTIFIER = com.xvilo.Wishlist;
				PRODUCT_NAME = "$(TARGET_NAME)";
			};
			name = Release;
		};
/* End XCBuildConfiguration section */

/* Begin XCConfigurationList section */
		F09E86131CEF4E700039AB98 /* Build configuration list for PBXProject "Wishlist" */ = {
			isa = XCConfigurationList;
			buildConfigurations = (
				F09E862B1CEF4E710039AB98 /* Debug */,
				F09E862C1CEF4E710039AB98 /* Release */,
			);
			defaultConfigurationIsVisible = 0;
			defaultConfigurationName = Release;
		};
		F09E862D1CEF4E710039AB98 /* Build configuration list for PBXNativeTarget "Wishlist" */ = {
			isa = XCConfigurationList;
			buildConfigurations = (
				F09E862E1CEF4E710039AB98 /* Debug */,
				F09E862F1CEF4E710039AB98 /* Release */,
			);
			defaultConfigurationIsVisible = 0;
		};
/* End XCConfigurationList section */

/* Begin XCVersionGroup section */
		F09E86221CEF4E710039AB98 /* Wishlist.xcdatamodeld */ = {
			isa = XCVersionGroup;
			children = (
				F09E86231CEF4E710039AB98 /* Wishlist.xcdatamodel */,
			);
			currentVersion = F09E86231CEF4E710039AB98 /* Wishlist.xcdatamodel */;
			path = Wishlist.xcdatamodeld;
			sourceTree = "<group>";
			versionGroupType = wrapper.xcdatamodel;
		};
/* End XCVersionGroup section */
	};
	rootObject = F09E86101CEF4E700039AB98 /* Project object */;
}
